
Microsoft Visual Studio Solution File, Format Version 12.00
# Visual Studio Version 16
VisualStudioVersion = 16.0.31624.102
MinimumVisualStudioVersion = 10.0.40219.1
Project("{8BC9CEB8-8B4A-11D0-8D11-00A0C91BC942}") = "Composite", "Composite\Composite.vcxproj", "{9C567200-C587-41D7-B775-F71AB13D7DBF}"
EndProject
Project("{8BC9CEB8-8B4A-11D0-8D11-00A0C91BC942}") = "Composite-test", "Composite-test\Composite-test.vcxproj", "{919A6C96-4C41-4002-8E54-711A170F3358}"
EndProject
Global
	GlobalSection(SolutionConfigurationPlatforms) = preSolution
		Debug|x64 = Debug|x64
		Debug|x86 = Debug|x86
		Release|x64 = Release|x64
		Release|x86 = Release|x86
	EndGlobalSection
	GlobalSection(ProjectConfigurationPlatforms) = postSolution
		{9C567200-C587-41D7-B775-F71AB13D7DBF}.Debug|x64.ActiveCfg = Debug|x64
		{9C567200-C587-41D7-B775-F71AB13D7DBF}.Debug|x64.Build.0 = Debug|x64
		{9C567200-C587-41D7-B775-F71AB13D7DBF}.Debug|x86.ActiveCfg = Debug|Win32
		{9C567200-C587-41D7-B775-F71AB13D7DBF}.Debug|x86.Build.0 = Debug|Win32
		{9C567200-C587-41D7-B775-F71AB13D7DBF}.Release|x64.ActiveCfg = Release|x64
		{9C567200-C587-41D7-B775-F71AB13D7DBF}.Release|x64.Build.0 = Release|x64
		{9C567200-C587-41D7-B775-F71AB13D7DBF}.Release|x86.ActiveCfg = Release|Win32
		{9C567200-C587-41D7-B775-F71AB13D7DBF}.Release|x86.Build.0 = Release|Win32
		{919A6C96-4C41-4002-8E54-711A170F3358}.Debug|x64.ActiveCfg = Debug|x64
		{919A6C96-4C41-4002-8E54-711A170F3358}.Debug|x64.Build.0 = Debug|x64
		{919A6C96-4C41-4002-8E54-711A170F3358}.Debug|x86.ActiveCfg = Debug|Win32
		{919A6C96-4C41-4002-8E54-711A170F3358}.Debug|x86.Build.0 = Debug|Win32
		{919A6C96-4C41-4002-8E54-711A170F3358}.Release|x64.ActiveCfg = Release|x64
		{919A6C96-4C41-4002-8E54-711A170F3358}.Release|x64.Build.0 = Release|x64
		{919A6C96-4C41-4002-8E54-711A170F3358}.Release|x86.ActiveCfg = Release|Win32
		{919A6C96-4C41-4002-8E54-711A170F3358}.Release|x86.Build.0 = Release|Win32
	EndGlobalSection
	GlobalSection(SolutionProperties) = preSolution
		HideSolutionNode = FALSE
	EndGlobalSection
	GlobalSection(ExtensibilityGlobals) = postSolution
		SolutionGuid = {1FD3D7E1-8951-4F2A-893D-AC79D8595D82}
	EndGlobalSection
EndGlobal
